// !$*UTF8*$!
{
	archiveVersion = 1;
	classes = {
	};
	objectVersion = 70;
	objects = {

/* Begin PBXBuildFile section */
		B401C7022C7392B700D59144 /* ZombieKit in Frameworks */ = {isa = PBXBuildFile; productRef = B401C7012C7392B700D59144 /* ZombieKit */; };
		B401C7042C7392BA00D59144 /* StarKit in Frameworks */ = {isa = PBXBuildFile; productRef = B401C7032C7392BA00D59144 /* StarKit */; };
		B401C7062C7392BC00D59144 /* MonsterKit in Frameworks */ = {isa = PBXBuildFile; productRef = B401C7052C7392BC00D59144 /* MonsterKit */; };
		B4B4FE102C7387B0002DE920 /* Common in Resources */ = {isa = PBXBuildFile; fileRef = B4B4FE0F2C7387B0002DE920 /* Common */; };
		B4B4FE122C7387B5002DE920 /* MonsterKit in Resources */ = {isa = PBXBuildFile; fileRef = B4B4FE112C7387B5002DE920 /* MonsterKit */; };
		B4B4FE142C7387BA002DE920 /* StarKit in Resources */ = {isa = PBXBuildFile; fileRef = B4B4FE132C7387BA002DE920 /* StarKit */; };
		B4B4FE162C7387C1002DE920 /* ZombieKit in Resources */ = {isa = PBXBuildFile; fileRef = B4B4FE152C7387C1002DE920 /* ZombieKit */; };
/* End PBXBuildFile section */

/* Begin PBXContainerItemProxy section */
		B48CD0492C73782A00C3821D /* PBXContainerItemProxy */ = {
			isa = PBXContainerItemProxy;
			containerPortal = B48CD02D2C73782900C3821D /* Project object */;
			proxyType = 1;
			remoteGlobalIDString = B48CD0342C73782900C3821D;
			remoteInfo = boardgamecompanion;
		};
		B48CD0532C73782A00C3821D /* PBXContainerItemProxy */ = {
			isa = PBXContainerItemProxy;
			containerPortal = B48CD02D2C73782900C3821D /* Project object */;
			proxyType = 1;
			remoteGlobalIDString = B48CD0342C73782900C3821D;
			remoteInfo = boardgamecompanion;
		};
/* End PBXContainerItemProxy section */

/* Begin PBXFileReference section */
		B48CD0352C73782900C3821D /* boardgamecompanion.app */ = {isa = PBXFileReference; explicitFileType = wrapper.application; includeInIndex = 0; path = boardgamecompanion.app; sourceTree = BUILT_PRODUCTS_DIR; };
		B48CD0482C73782A00C3821D /* boardgamecompanionTests.xctest */ = {isa = PBXFileReference; explicitFileType = wrapper.cfbundle; includeInIndex = 0; path = boardgamecompanionTests.xctest; sourceTree = BUILT_PRODUCTS_DIR; };
		B48CD0522C73782A00C3821D /* boardgamecompanionUITests.xctest */ = {isa = PBXFileReference; explicitFileType = wrapper.cfbundle; includeInIndex = 0; path = boardgamecompanionUITests.xctest; sourceTree = BUILT_PRODUCTS_DIR; };
		B4B4FE0F2C7387B0002DE920 /* Common */ = {isa = PBXFileReference; lastKnownFileType = wrapper; path = Common; sourceTree = "<group>"; };
		B4B4FE112C7387B5002DE920 /* MonsterKit */ = {isa = PBXFileReference; lastKnownFileType = wrapper; path = MonsterKit; sourceTree = "<group>"; };
		B4B4FE132C7387BA002DE920 /* StarKit */ = {isa = PBXFileReference; lastKnownFileType = wrapper; path = StarKit; sourceTree = "<group>"; };
		B4B4FE152C7387C1002DE920 /* ZombieKit */ = {isa = PBXFileReference; lastKnownFileType = wrapper; path = ZombieKit; sourceTree = "<group>"; };
/* End PBXFileReference section */

/* Begin PBXFileSystemSynchronizedRootGroup section */
		B48CD0372C73782900C3821D /* boardgamecompanion */ = {isa = PBXFileSystemSynchronizedRootGroup; explicitFileTypes = {}; explicitFolders = (); path = boardgamecompanion; sourceTree = "<group>"; };
		B48CD04B2C73782A00C3821D /* boardgamecompanionTests */ = {isa = PBXFileSystemSynchronizedRootGroup; explicitFileTypes = {}; explicitFolders = (); path = boardgamecompanionTests; sourceTree = "<group>"; };
		B48CD0552C73782A00C3821D /* boardgamecompanionUITests */ = {isa = PBXFileSystemSynchronizedRootGroup; explicitFileTypes = {}; explicitFolders = (); path = boardgamecompanionUITests; sourceTree = "<group>"; };
/* End PBXFileSystemSynchronizedRootGroup section */

/* Begin PBXFrameworksBuildPhase section */
		B48CD0322C73782900C3821D /* Frameworks */ = {
			isa = PBXFrameworksBuildPhase;
			buildActionMask = 2147483647;
			files = (
				B401C7022C7392B700D59144 /* ZombieKit in Frameworks */,
				B401C7042C7392BA00D59144 /* StarKit in Frameworks */,
				B401C7062C7392BC00D59144 /* MonsterKit in Frameworks */,
			);
			runOnlyForDeploymentPostprocessing = 0;
		};
		B48CD0452C73782A00C3821D /* Frameworks */ = {
			isa = PBXFrameworksBuildPhase;
			buildActionMask = 2147483647;
			files = (
			);
			runOnlyForDeploymentPostprocessing = 0;
		};
		B48CD04F2C73782A00C3821D /* Frameworks */ = {
			isa = PBXFrameworksBuildPhase;
			buildActionMask = 2147483647;
			files = (
			);
			runOnlyForDeploymentPostprocessing = 0;
		};
/* End PBXFrameworksBuildPhase section */

/* Begin PBXGroup section */
		B401C6FE2C7392AE00D59144 /* Frameworks */ = {
			isa = PBXGroup;
			children = (
			);
			name = Frameworks;
			sourceTree = "<group>";
		};
		B48CD02C2C73782900C3821D = {
			isa = PBXGroup;
			children = (
				B4B4FE152C7387C1002DE920 /* ZombieKit */,
				B4B4FE132C7387BA002DE920 /* StarKit */,
				B4B4FE112C7387B5002DE920 /* MonsterKit */,
				B4B4FE0F2C7387B0002DE920 /* Common */,
				B48CD0372C73782900C3821D /* boardgamecompanion */,
				B48CD04B2C73782A00C3821D /* boardgamecompanionTests */,
				B48CD0552C73782A00C3821D /* boardgamecompanionUITests */,
				B401C6FE2C7392AE00D59144 /* Frameworks */,
				B48CD0362C73782900C3821D /* Products */,
			);
			sourceTree = "<group>";
		};
		B48CD0362C73782900C3821D /* Products */ = {
			isa = PBXGroup;
			children = (
				B48CD0352C73782900C3821D /* boardgamecompanion.app */,
				B48CD0482C73782A00C3821D /* boardgamecompanionTests.xctest */,
				B48CD0522C73782A00C3821D /* boardgamecompanionUITests.xctest */,
			);
			name = Products;
			sourceTree = "<group>";
		};
/* End PBXGroup section */

/* Begin PBXNativeTarget section */
		B48CD0342C73782900C3821D /* boardgamecompanion */ = {
			isa = PBXNativeTarget;
			buildConfigurationList = B48CD05C2C73782A00C3821D /* Build configuration list for PBXNativeTarget "boardgamecompanion" */;
			buildPhases = (
				B48CD0312C73782900C3821D /* Sources */,
				B48CD0322C73782900C3821D /* Frameworks */,
				B48CD0332C73782900C3821D /* Resources */,
			);
			buildRules = (
			);
			dependencies = (
			);
			fileSystemSynchronizedGroups = (
				B48CD0372C73782900C3821D /* boardgamecompanion */,
			);
			name = boardgamecompanion;
			packageProductDependencies = (
				B401C7012C7392B700D59144 /* ZombieKit */,
				B401C7032C7392BA00D59144 /* StarKit */,
				B401C7052C7392BC00D59144 /* MonsterKit */,
			);
			productName = boardgamecompanion;
			productReference = B48CD0352C73782900C3821D /* boardgamecompanion.app */;
			productType = "com.apple.product-type.application";
		};
		B48CD0472C73782A00C3821D /* boardgamecompanionTests */ = {
			isa = PBXNativeTarget;
			buildConfigurationList = B48CD05F2C73782A00C3821D /* Build configuration list for PBXNativeTarget "boardgamecompanionTests" */;
			buildPhases = (
				B48CD0442C73782A00C3821D /* Sources */,
				B48CD0452C73782A00C3821D /* Frameworks */,
				B48CD0462C73782A00C3821D /* Resources */,
			);
			buildRules = (
			);
			dependencies = (
				B48CD04A2C73782A00C3821D /* PBXTargetDependency */,
			);
			fileSystemSynchronizedGroups = (
				B48CD04B2C73782A00C3821D /* boardgamecompanionTests */,
			);
			name = boardgamecompanionTests;
			packageProductDependencies = (
			);
			productName = boardgamecompanionTests;
			productReference = B48CD0482C73782A00C3821D /* boardgamecompanionTests.xctest */;
			productType = "com.apple.product-type.bundle.unit-test";
		};
		B48CD0512C73782A00C3821D /* boardgamecompanionUITests */ = {
			isa = PBXNativeTarget;
			buildConfigurationList = B48CD0622C73782A00C3821D /* Build configuration list for PBXNativeTarget "boardgamecompanionUITests" */;
			buildPhases = (
				B48CD04E2C73782A00C3821D /* Sources */,
				B48CD04F2C73782A00C3821D /* Frameworks */,
				B48CD0502C73782A00C3821D /* Resources */,
			);
			buildRules = (
			);
			dependencies = (
				B48CD0542C73782A00C3821D /* PBXTargetDependency */,
			);
			fileSystemSynchronizedGroups = (
				B48CD0552C73782A00C3821D /* boardgamecompanionUITests */,
			);
			name = boardgamecompanionUITests;
			packageProductDependencies = (
			);
			productName = boardgamecompanionUITests;
			productReference = B48CD0522C73782A00C3821D /* boardgamecompanionUITests.xctest */;
			productType = "com.apple.product-type.bundle.ui-testing";
		};
/* End PBXNativeTarget section */

/* Begin PBXProject section */
		B48CD02D2C73782900C3821D /* Project object */ = {
			isa = PBXProject;
			attributes = {
				BuildIndependentTargetsInParallel = 1;
				LastSwiftUpdateCheck = 1600;
				LastUpgradeCheck = 1600;
				TargetAttributes = {
					B48CD0342C73782900C3821D = {
						CreatedOnToolsVersion = 16.0;
					};
					B48CD0472C73782A00C3821D = {
						CreatedOnToolsVersion = 16.0;
						TestTargetID = B48CD0342C73782900C3821D;
					};
					B48CD0512C73782A00C3821D = {
						CreatedOnToolsVersion = 16.0;
						TestTargetID = B48CD0342C73782900C3821D;
					};
				};
			};
			buildConfigurationList = B48CD0302C73782900C3821D /* Build configuration list for PBXProject "boardgamecompanion" */;
			compatibilityVersion = "Xcode 15.0";
			developmentRegion = en;
			hasScannedForEncodings = 0;
			knownRegions = (
				en,
				Base,
			);
			mainGroup = B48CD02C2C73782900C3821D;
			productRefGroup = B48CD0362C73782900C3821D /* Products */;
			projectDirPath = "";
			projectRoot = "";
			targets = (
				B48CD0342C73782900C3821D /* boardgamecompanion */,
				B48CD0472C73782A00C3821D /* boardgamecompanionTests */,
				B48CD0512C73782A00C3821D /* boardgamecompanionUITests */,
			);
		};
/* End PBXProject section */

/* Begin PBXResourcesBuildPhase section */
		B48CD0332C73782900C3821D /* Resources */ = {
			isa = PBXResourcesBuildPhase;
			buildActionMask = 2147483647;
			files = (
				B4B4FE142C7387BA002DE920 /* StarKit in Resources */,
				B4B4FE122C7387B5002DE920 /* MonsterKit in Resources */,
				B4B4FE102C7387B0002DE920 /* Common in Resources */,
				B4B4FE162C7387C1002DE920 /* ZombieKit in Resources */,
			);
			runOnlyForDeploymentPostprocessing = 0;
		};
		B48CD0462C73782A00C3821D /* Resources */ = {
			isa = PBXResourcesBuildPhase;
			buildActionMask = 2147483647;
			files = (
			);
			runOnlyForDeploymentPostprocessing = 0;
		};
		B48CD0502C73782A00C3821D /* Resources */ = {
			isa = PBXResourcesBuildPhase;
			buildActionMask = 2147483647;
			files = (
			);
			runOnlyForDeploymentPostprocessing = 0;
		};
/* End PBXResourcesBuildPhase section */

/* Begin PBXSourcesBuildPhase section */
		B48CD0312C73782900C3821D /* Sources */ = {
			isa = PBXSourcesBuildPhase;
			buildActionMask = 2147483647;
			files = (
			);
			runOnlyForDeploymentPostprocessing = 0;
		};
		B48CD0442C73782A00C3821D /* Sources */ = {
			isa = PBXSourcesBuildPhase;
			buildActionMask = 2147483647;
			files = (
			);
			runOnlyForDeploymentPostprocessing = 0;
		};
		B48CD04E2C73782A00C3821D /* Sources */ = {
			isa = PBXSourcesBuildPhase;
			buildActionMask = 2147483647;
			files = (
			);
			runOnlyForDeploymentPostprocessing = 0;
		};
/* End PBXSourcesBuildPhase section */

/* Begin PBXTargetDependency section */
		B48CD04A2C73782A00C3821D /* PBXTargetDependency */ = {
			isa = PBXTargetDependency;
			target = B48CD0342C73782900C3821D /* boardgamecompanion */;
			targetProxy = B48CD0492C73782A00C3821D /* PBXContainerItemProxy */;
		};
		B48CD0542C73782A00C3821D /* PBXTargetDependency */ = {
			isa = PBXTargetDependency;
			target = B48CD0342C73782900C3821D /* boardgamecompanion */;
			targetProxy = B48CD0532C73782A00C3821D /* PBXContainerItemProxy */;
		};
/* End PBXTargetDependency section */

/* Begin XCBuildConfiguration section */
		B48CD05A2C73782A00C3821D /* Debug */ = {
			isa = XCBuildConfiguration;
			buildSettings = {
				ALWAYS_SEARCH_USER_PATHS = NO;
				ASSETCATALOG_COMPILER_GENERATE_SWIFT_ASSET_SYMBOL_EXTENSIONS = YES;
				CLANG_ANALYZER_NONNULL = YES;
				CLANG_ANALYZER_NUMBER_OBJECT_CONVERSION = YES_AGGRESSIVE;
				CLANG_CXX_LANGUAGE_STANDARD = "gnu++20";
				CLANG_ENABLE_MODULES = YES;
				CLANG_ENABLE_OBJC_ARC = YES;
				CLANG_ENABLE_OBJC_WEAK = YES;
				CLANG_WARN_BLOCK_CAPTURE_AUTORELEASING = YES;
				CLANG_WARN_BOOL_CONVERSION = YES;
				CLANG_WARN_COMMA = YES;
				CLANG_WARN_CONSTANT_CONVERSION = YES;
				CLANG_WARN_DEPRECATED_OBJC_IMPLEMENTATIONS = YES;
				CLANG_WARN_DIRECT_OBJC_ISA_USAGE = YES_ERROR;
				CLANG_WARN_DOCUMENTATION_COMMENTS = YES;
				CLANG_WARN_EMPTY_BODY = YES;
				CLANG_WARN_ENUM_CONVERSION = YES;
				CLANG_WARN_INFINITE_RECURSION = YES;
				CLANG_WARN_INT_CONVERSION = YES;
				CLANG_WARN_NON_LITERAL_NULL_CONVERSION = YES;
				CLANG_WARN_OBJC_IMPLICIT_RETAIN_SELF = YES;
				CLANG_WARN_OBJC_LITERAL_CONVERSION = YES;
				CLANG_WARN_OBJC_ROOT_CLASS = YES_ERROR;
				CLANG_WARN_QUOTED_INCLUDE_IN_FRAMEWORK_HEADER = YES;
				CLANG_WARN_RANGE_LOOP_ANALYSIS = YES;
				CLANG_WARN_STRICT_PROTOTYPES = YES;
				CLANG_WARN_SUSPICIOUS_MOVE = YES;
				CLANG_WARN_UNGUARDED_AVAILABILITY = YES_AGGRESSIVE;
				CLANG_WARN_UNREACHABLE_CODE = YES;
				CLANG_WARN__DUPLICATE_METHOD_MATCH = YES;
				COPY_PHASE_STRIP = NO;
				DEBUG_INFORMATION_FORMAT = dwarf;
				ENABLE_STRICT_OBJC_MSGSEND = YES;
				ENABLE_TESTABILITY = YES;
				ENABLE_USER_SCRIPT_SANDBOXING = YES;
				GCC_C_LANGUAGE_STANDARD = gnu17;
				GCC_DYNAMIC_NO_PIC = NO;
				GCC_NO_COMMON_BLOCKS = YES;
				GCC_OPTIMIZATION_LEVEL = 0;
				GCC_PREPROCESSOR_DEFINITIONS = (
					"DEBUG=1",
					"$(inherited)",
				);
				GCC_WARN_64_TO_32_BIT_CONVERSION = YES;
				GCC_WARN_ABOUT_RETURN_TYPE = YES_ERROR;
				GCC_WARN_UNDECLARED_SELECTOR = YES;
				GCC_WARN_UNINITIALIZED_AUTOS = YES_AGGRESSIVE;
				GCC_WARN_UNUSED_FUNCTION = YES;
				GCC_WARN_UNUSED_VARIABLE = YES;
				LOCALIZATION_PREFERS_STRING_CATALOGS = YES;
				MTL_ENABLE_DEBUG_INFO = INCLUDE_SOURCE;
				MTL_FAST_MATH = YES;
				ONLY_ACTIVE_ARCH = YES;
				SWIFT_ACTIVE_COMPILATION_CONDITIONS = "DEBUG $(inherited)";
				SWIFT_OPTIMIZATION_LEVEL = "-Onone";
			};
			name = Debug;
		};
		B48CD05B2C73782A00C3821D /* Release */ = {
			isa = XCBuildConfiguration;
			buildSettings = {
				ALWAYS_SEARCH_USER_PATHS = NO;
				ASSETCATALOG_COMPILER_GENERATE_SWIFT_ASSET_SYMBOL_EXTENSIONS = YES;
				CLANG_ANALYZER_NONNULL = YES;
				CLANG_ANALYZER_NUMBER_OBJECT_CONVERSION = YES_AGGRESSIVE;
				CLANG_CXX_LANGUAGE_STANDARD = "gnu++20";
				CLANG_ENABLE_MODULES = YES;
				CLANG_ENABLE_OBJC_ARC = YES;
				CLANG_ENABLE_OBJC_WEAK = YES;
				CLANG_WARN_BLOCK_CAPTURE_AUTORELEASING = YES;
				CLANG_WARN_BOOL_CONVERSION = YES;
				CLANG_WARN_COMMA = YES;
				CLANG_WARN_CONSTANT_CONVERSION = YES;
				CLANG_WARN_DEPRECATED_OBJC_IMPLEMENTATIONS = YES;
				CLANG_WARN_DIRECT_OBJC_ISA_USAGE = YES_ERROR;
				CLANG_WARN_DOCUMENTATION_COMMENTS = YES;
				CLANG_WARN_EMPTY_BODY = YES;
				CLANG_WARN_ENUM_CONVERSION = YES;
				CLANG_WARN_INFINITE_RECURSION = YES;
				CLANG_WARN_INT_CONVERSION = YES;
				CLANG_WARN_NON_LITERAL_NULL_CONVERSION = YES;
				CLANG_WARN_OBJC_IMPLICIT_RETAIN_SELF = YES;
				CLANG_WARN_OBJC_LITERAL_CONVERSION = YES;
				CLANG_WARN_OBJC_ROOT_CLASS = YES_ERROR;
				CLANG_WARN_QUOTED_INCLUDE_IN_FRAMEWORK_HEADER = YES;
				CLANG_WARN_RANGE_LOOP_ANALYSIS = YES;
				CLANG_WARN_STRICT_PROTOTYPES = YES;
				CLANG_WARN_SUSPICIOUS_MOVE = YES;
				CLANG_WARN_UNGUARDED_AVAILABILITY = YES_AGGRESSIVE;
				CLANG_WARN_UNREACHABLE_CODE = YES;
				CLANG_WARN__DUPLICATE_METHOD_MATCH = YES;
				COPY_PHASE_STRIP = NO;
				DEBUG_INFORMATION_FORMAT = "dwarf-with-dsym";
				ENABLE_NS_ASSERTIONS = NO;
				ENABLE_STRICT_OBJC_MSGSEND = YES;
				ENABLE_USER_SCRIPT_SANDBOXING = YES;
				GCC_C_LANGUAGE_STANDARD = gnu17;
				GCC_NO_COMMON_BLOCKS = YES;
				GCC_WARN_64_TO_32_BIT_CONVERSION = YES;
				GCC_WARN_ABOUT_RETURN_TYPE = YES_ERROR;
				GCC_WARN_UNDECLARED_SELECTOR = YES;
				GCC_WARN_UNINITIALIZED_AUTOS = YES_AGGRESSIVE;
				GCC_WARN_UNUSED_FUNCTION = YES;
				GCC_WARN_UNUSED_VARIABLE = YES;
				LOCALIZATION_PREFERS_STRING_CATALOGS = YES;
				MTL_ENABLE_DEBUG_INFO = NO;
				MTL_FAST_MATH = YES;
				SWIFT_COMPILATION_MODE = wholemodule;
			};
			name = Release;
		};
		B48CD05D2C73782A00C3821D /* Debug */ = {
			isa = XCBuildConfiguration;
			buildSettings = {
				ASSETCATALOG_COMPILER_APPICON_NAME = AppIcon;
				ASSETCATALOG_COMPILER_GLOBAL_ACCENT_COLOR_NAME = AccentColor;
				CODE_SIGN_ENTITLEMENTS = boardgamecompanion/boardgamecompanion.entitlements;
				CODE_SIGN_STYLE = Automatic;
				CURRENT_PROJECT_VERSION = 1;
				DEVELOPMENT_ASSET_PATHS = "\"boardgamecompanion/Preview Content\"";
				DEVELOPMENT_TEAM = UQCQ667RNK;
				ENABLE_HARDENED_RUNTIME = YES;
				ENABLE_PREVIEWS = YES;
				GENERATE_INFOPLIST_FILE = YES;
				"INFOPLIST_KEY_UIApplicationSceneManifest_Generation[sdk=iphoneos*]" = YES;
				"INFOPLIST_KEY_UIApplicationSceneManifest_Generation[sdk=iphonesimulator*]" = YES;
				"INFOPLIST_KEY_UIApplicationSupportsIndirectInputEvents[sdk=iphoneos*]" = YES;
				"INFOPLIST_KEY_UIApplicationSupportsIndirectInputEvents[sdk=iphonesimulator*]" = YES;
				"INFOPLIST_KEY_UILaunchScreen_Generation[sdk=iphoneos*]" = YES;
				"INFOPLIST_KEY_UILaunchScreen_Generation[sdk=iphonesimulator*]" = YES;
				"INFOPLIST_KEY_UIStatusBarStyle[sdk=iphoneos*]" = UIStatusBarStyleDefault;
				"INFOPLIST_KEY_UIStatusBarStyle[sdk=iphonesimulator*]" = UIStatusBarStyleDefault;
				INFOPLIST_KEY_UISupportedInterfaceOrientations_iPad = "UIInterfaceOrientationPortrait UIInterfaceOrientationPortraitUpsideDown UIInterfaceOrientationLandscapeLeft UIInterfaceOrientationLandscapeRight";
				INFOPLIST_KEY_UISupportedInterfaceOrientations_iPhone = "UIInterfaceOrientationPortrait UIInterfaceOrientationLandscapeLeft UIInterfaceOrientationLandscapeRight";
				IPHONEOS_DEPLOYMENT_TARGET = 18.0;
				LD_RUNPATH_SEARCH_PATHS = "@executable_path/Frameworks";
				"LD_RUNPATH_SEARCH_PATHS[sdk=macosx*]" = "@executable_path/../Frameworks";
				MACOSX_DEPLOYMENT_TARGET = 14.0;
				MARKETING_VERSION = 1.0;
				PRODUCT_BUNDLE_IDENTIFIER = me.mauriciocardozo.boardgamecompanion;
				PRODUCT_NAME = "$(TARGET_NAME)";
				SDKROOT = auto;
				SUPPORTED_PLATFORMS = "iphoneos iphonesimulator macosx xros xrsimulator";
				SWIFT_EMIT_LOC_STRINGS = YES;
				SWIFT_VERSION = 5.0;
				TARGETED_DEVICE_FAMILY = "1,2,7";
				XROS_DEPLOYMENT_TARGET = 2.0;
			};
			name = Debug;
		};
		B48CD05E2C73782A00C3821D /* Release */ = {
			isa = XCBuildConfiguration;
			buildSettings = {
				ASSETCATALOG_COMPILER_APPICON_NAME = AppIcon;
				ASSETCATALOG_COMPILER_GLOBAL_ACCENT_COLOR_NAME = AccentColor;
				CODE_SIGN_ENTITLEMENTS = boardgamecompanion/boardgamecompanion.entitlements;
				CODE_SIGN_STYLE = Automatic;
				CURRENT_PROJECT_VERSION = 1;
				DEVELOPMENT_ASSET_PATHS = "\"boardgamecompanion/Preview Content\"";
				DEVELOPMENT_TEAM = UQCQ667RNK;
				ENABLE_HARDENED_RUNTIME = YES;
				ENABLE_PREVIEWS = YES;
				GENERATE_INFOPLIST_FILE = YES;
				"INFOPLIST_KEY_UIApplicationSceneManifest_Generation[sdk=iphoneos*]" = YES;
				"INFOPLIST_KEY_UIApplicationSceneManifest_Generation[sdk=iphonesimulator*]" = YES;
				"INFOPLIST_KEY_UIApplicationSupportsIndirectInputEvents[sdk=iphoneos*]" = YES;
				"INFOPLIST_KEY_UIApplicationSupportsIndirectInputEvents[sdk=iphonesimulator*]" = YES;
				"INFOPLIST_KEY_UILaunchScreen_Generation[sdk=iphoneos*]" = YES;
				"INFOPLIST_KEY_UILaunchScreen_Generation[sdk=iphonesimulator*]" = YES;
				"INFOPLIST_KEY_UIStatusBarStyle[sdk=iphoneos*]" = UIStatusBarStyleDefault;
				"INFOPLIST_KEY_UIStatusBarStyle[sdk=iphonesimulator*]" = UIStatusBarStyleDefault;
				INFOPLIST_KEY_UISupportedInterfaceOrientations_iPad = "UIInterfaceOrientationPortrait UIInterfaceOrientationPortraitUpsideDown UIInterfaceOrientationLandscapeLeft UIInterfaceOrientationLandscapeRight";
				INFOPLIST_KEY_UISupportedInterfaceOrientations_iPhone = "UIInterfaceOrientationPortrait UIInterfaceOrientationLandscapeLeft UIInterfaceOrientationLandscapeRight";
				IPHONEOS_DEPLOYMENT_TARGET = 18.0;
				LD_RUNPATH_SEARCH_PATHS = "@executable_path/Frameworks";
				"LD_RUNPATH_SEARCH_PATHS[sdk=macosx*]" = "@executable_path/../Frameworks";
				MACOSX_DEPLOYMENT_TARGET = 14.0;
				MARKETING_VERSION = 1.0;
				PRODUCT_BUNDLE_IDENTIFIER = me.mauriciocardozo.boardgamecompanion;
				PRODUCT_NAME = "$(TARGET_NAME)";
				SDKROOT = auto;
				SUPPORTED_PLATFORMS = "iphoneos iphonesimulator macosx xros xrsimulator";
				SWIFT_EMIT_LOC_STRINGS = YES;
				SWIFT_VERSION = 5.0;
				TARGETED_DEVICE_FAMILY = "1,2,7";
				XROS_DEPLOYMENT_TARGET = 2.0;
			};
			name = Release;
		};
		B48CD0602C73782A00C3821D /* Debug */ = {
			isa = XCBuildConfiguration;
			buildSettings = {
				BUNDLE_LOADER = "$(TEST_HOST)";
				CODE_SIGN_STYLE = Automatic;
				CURRENT_PROJECT_VERSION = 1;
				DEVELOPMENT_TEAM = UQCQ667RNK;
				GENERATE_INFOPLIST_FILE = YES;
				IPHONEOS_DEPLOYMENT_TARGET = 18.0;
				MACOSX_DEPLOYMENT_TARGET = 15.0;
				MARKETING_VERSION = 1.0;
				PRODUCT_BUNDLE_IDENTIFIER = me.mauriciocardozo.boardgamecompanionTests;
				PRODUCT_NAME = "$(TARGET_NAME)";
				SDKROOT = auto;
				SUPPORTED_PLATFORMS = "iphoneos iphonesimulator macosx xros xrsimulator";
				SWIFT_EMIT_LOC_STRINGS = NO;
				SWIFT_VERSION = 5.0;
				TARGETED_DEVICE_FAMILY = "1,2,7";
				TEST_HOST = "$(BUILT_PRODUCTS_DIR)/boardgamecompanion.app/$(BUNDLE_EXECUTABLE_FOLDER_PATH)/boardgamecompanion";
				XROS_DEPLOYMENT_TARGET = 2.0;
			};
			name = Debug;
		};
		B48CD0612C73782A00C3821D /* Release */ = {
			isa = XCBuildConfiguration;
			buildSettings = {
				BUNDLE_LOADER = "$(TEST_HOST)";
				CODE_SIGN_STYLE = Automatic;
				CURRENT_PROJECT_VERSION = 1;
				DEVELOPMENT_TEAM = UQCQ667RNK;
				GENERATE_INFOPLIST_FILE = YES;
				IPHONEOS_DEPLOYMENT_TARGET = 18.0;
				MACOSX_DEPLOYMENT_TARGET = 15.0;
				MARKETING_VERSION = 1.0;
				PRODUCT_BUNDLE_IDENTIFIER = me.mauriciocardozo.boardgamecompanionTests;
				PRODUCT_NAME = "$(TARGET_NAME)";
				SDKROOT = auto;
				SUPPORTED_PLATFORMS = "iphoneos iphonesimulator macosx xros xrsimulator";
				SWIFT_EMIT_LOC_STRINGS = NO;
				SWIFT_VERSION = 5.0;
				TARGETED_DEVICE_FAMILY = "1,2,7";
				TEST_HOST = "$(BUILT_PRODUCTS_DIR)/boardgamecompanion.app/$(BUNDLE_EXECUTABLE_FOLDER_PATH)/boardgamecompanion";
				XROS_DEPLOYMENT_TARGET = 2.0;
			};
			name = Release;
		};
		B48CD0632C73782A00C3821D /* Debug */ = {
			isa = XCBuildConfiguration;
			buildSettings = {
				CODE_SIGN_STYLE = Automatic;
				CURRENT_PROJECT_VERSION = 1;
				DEVELOPMENT_TEAM = UQCQ667RNK;
				GENERATE_INFOPLIST_FILE = YES;
				IPHONEOS_DEPLOYMENT_TARGET = 18.0;
				MACOSX_DEPLOYMENT_TARGET = 15.0;
				MARKETING_VERSION = 1.0;
				PRODUCT_BUNDLE_IDENTIFIER = me.mauriciocardozo.boardgamecompanionUITests;
				PRODUCT_NAME = "$(TARGET_NAME)";
				SDKROOT = auto;
				SUPPORTED_PLATFORMS = "iphoneos iphonesimulator macosx xros xrsimulator";
				SWIFT_EMIT_LOC_STRINGS = NO;
				SWIFT_VERSION = 5.0;
				TARGETED_DEVICE_FAMILY = "1,2,7";
				TEST_TARGET_NAME = boardgamecompanion;
				XROS_DEPLOYMENT_TARGET = 2.0;
			};
			name = Debug;
		};
		B48CD0642C73782A00C3821D /* Release */ = {
			isa = XCBuildConfiguration;
			buildSettings = {
				CODE_SIGN_STYLE = Automatic;
				CURRENT_PROJECT_VERSION = 1;
				DEVELOPMENT_TEAM = UQCQ667RNK;
				GENERATE_INFOPLIST_FILE = YES;
				IPHONEOS_DEPLOYMENT_TARGET = 18.0;
				MACOSX_DEPLOYMENT_TARGET = 15.0;
				MARKETING_VERSION = 1.0;
				PRODUCT_BUNDLE_IDENTIFIER = me.mauriciocardozo.boardgamecompanionUITests;
				PRODUCT_NAME = "$(TARGET_NAME)";
				SDKROOT = auto;
				SUPPORTED_PLATFORMS = "iphoneos iphonesimulator macosx xros xrsimulator";
				SWIFT_EMIT_LOC_STRINGS = NO;
				SWIFT_VERSION = 5.0;
				TARGETED_DEVICE_FAMILY = "1,2,7";
				TEST_TARGET_NAME = boardgamecompanion;
				XROS_DEPLOYMENT_TARGET = 2.0;
			};
			name = Release;
		};
/* End XCBuildConfiguration section */

/* Begin XCConfigurationList section */
		B48CD0302C73782900C3821D /* Build configuration list for PBXProject "boardgamecompanion" */ = {
			isa = XCConfigurationList;
			buildConfigurations = (
				B48CD05A2C73782A00C3821D /* Debug */,
				B48CD05B2C73782A00C3821D /* Release */,
			);
			defaultConfigurationIsVisible = 0;
			defaultConfigurationName = Release;
		};
		B48CD05C2C73782A00C3821D /* Build configuration list for PBXNativeTarget "boardgamecompanion" */ = {
			isa = XCConfigurationList;
			buildConfigurations = (
				B48CD05D2C73782A00C3821D /* Debug */,
				B48CD05E2C73782A00C3821D /* Release */,
			);
			defaultConfigurationIsVisible = 0;
			defaultConfigurationName = Release;
		};
		B48CD05F2C73782A00C3821D /* Build configuration list for PBXNativeTarget "boardgamecompanionTests" */ = {
			isa = XCConfigurationList;
			buildConfigurations = (
				B48CD0602C73782A00C3821D /* Debug */,
				B48CD0612C73782A00C3821D /* Release */,
			);
			defaultConfigurationIsVisible = 0;
			defaultConfigurationName = Release;
		};
		B48CD0622C73782A00C3821D /* Build configuration list for PBXNativeTarget "boardgamecompanionUITests" */ = {
			isa = XCConfigurationList;
			buildConfigurations = (
				B48CD0632C73782A00C3821D /* Debug */,
				B48CD0642C73782A00C3821D /* Release */,
			);
			defaultConfigurationIsVisible = 0;
			defaultConfigurationName = Release;
		};
/* End XCConfigurationList section */

/* Begin XCSwiftPackageProductDependency section */
		B401C7012C7392B700D59144 /* ZombieKit */ = {
			isa = XCSwiftPackageProductDependency;
			productName = ZombieKit;
		};
		B401C7032C7392BA00D59144 /* StarKit */ = {
			isa = XCSwiftPackageProductDependency;
			productName = StarKit;
		};
		B401C7052C7392BC00D59144 /* MonsterKit */ = {
			isa = XCSwiftPackageProductDependency;
			productName = MonsterKit;
		};
/* End XCSwiftPackageProductDependency section */
	};
	rootObject = B48CD02D2C73782900C3821D /* Project object */;
}
